
Microsoft Visual Studio Solution File, Format Version 12.00
# Visual Studio Version 17
VisualStudioVersion = 17.1.32210.238
MinimumVisualStudioVersion = 10.0.40219.1
Project("{FAE04EC0-301F-11D3-BF4B-00C04F79EFBC}") = "CineminhaAPI", "CineminhaAPI.csproj", "{B7FD42E2-D8B3-4D17-979E-4019BEA211E7}"
EndProject
Global
	GlobalSection(SolutionConfigurationPlatforms) = preSolution
		Debug|Any CPU = Debug|Any CPU
		Release|Any CPU = Release|Any CPU
	EndGlobalSection
	GlobalSection(ProjectConfigurationPlatforms) = postSolution
		{B7FD42E2-D8B3-4D17-979E-4019BEA211E7}.Debug|Any CPU.ActiveCfg = Debug|Any CPU
		{B7FD42E2-D8B3-4D17-979E-4019BEA211E7}.Debug|Any CPU.Build.0 = Debug|Any CPU
		{B7FD42E2-D8B3-4D17-979E-4019BEA211E7}.Release|Any CPU.ActiveCfg = Release|Any CPU
		{B7FD42E2-D8B3-4D17-979E-4019BEA211E7}.Release|Any CPU.Build.0 = Release|Any CPU
	EndGlobalSection
	GlobalSection(SolutionProperties) = preSolution
		HideSolutionNode = FALSE
	EndGlobalSection
	GlobalSection(ExtensibilityGlobals) = postSolution
		SolutionGuid = {4E7454A4-ED2C-4443-91B4-16FED787EB31}
	EndGlobalSection
EndGlobal
